// !$*UTF8*$!
{
	archiveVersion = 1;
	classes = {
	};
	objectVersion = 46;
	objects = {

/* Begin PBXBuildFile section */
		A42DFBFF1EEFE633000BA8B4 /* main.m in Sources */ = {isa = PBXBuildFile; fileRef = A42DFBFE1EEFE633000BA8B4 /* main.m */; };
		A42DFC021EEFE633000BA8B4 /* AppDelegate.m in Sources */ = {isa = PBXBuildFile; fileRef = A42DFC011EEFE633000BA8B4 /* AppDelegate.m */; };
		A42DFC051EEFE633000BA8B4 /* ViewController.m in Sources */ = {isa = PBXBuildFile; fileRef = A42DFC041EEFE633000BA8B4 /* ViewController.m */; };
		A42DFC081EEFE633000BA8B4 /* Main.storyboard in Resources */ = {isa = PBXBuildFile; fileRef = A42DFC061EEFE633000BA8B4 /* Main.storyboard */; };
		A42DFC0A1EEFE633000BA8B4 /* Assets.xcassets in Resources */ = {isa = PBXBuildFile; fileRef = A42DFC091EEFE633000BA8B4 /* Assets.xcassets */; };
		A42DFC0D1EEFE633000BA8B4 /* LaunchScreen.storyboard in Resources */ = {isa = PBXBuildFile; fileRef = A42DFC0B1EEFE633000BA8B4 /* LaunchScreen.storyboard */; };
		A42DFC181EEFE633000BA8B4 /* LGYSegmentViewTests.m in Sources */ = {isa = PBXBuildFile; fileRef = A42DFC171EEFE633000BA8B4 /* LGYSegmentViewTests.m */; };
		A42DFC231EEFE633000BA8B4 /* LGYSegmentViewUITests.m in Sources */ = {isa = PBXBuildFile; fileRef = A42DFC221EEFE633000BA8B4 /* LGYSegmentViewUITests.m */; };
		A42DFC4D1EEFE971000BA8B4 /* LICENSE in Resources */ = {isa = PBXBuildFile; fileRef = A42DFC311EEFE971000BA8B4 /* LICENSE */; };
		A42DFC4E1EEFE971000BA8B4 /* MASCompositeConstraint.m in Sources */ = {isa = PBXBuildFile; fileRef = A42DFC341EEFE971000BA8B4 /* MASCompositeConstraint.m */; };
		A42DFC4F1EEFE971000BA8B4 /* MASConstraint.m in Sources */ = {isa = PBXBuildFile; fileRef = A42DFC371EEFE971000BA8B4 /* MASConstraint.m */; };
		A42DFC501EEFE971000BA8B4 /* MASConstraintMaker.m in Sources */ = {isa = PBXBuildFile; fileRef = A42DFC391EEFE971000BA8B4 /* MASConstraintMaker.m */; };
		A42DFC511EEFE971000BA8B4 /* MASLayoutConstraint.m in Sources */ = {isa = PBXBuildFile; fileRef = A42DFC3B1EEFE971000BA8B4 /* MASLayoutConstraint.m */; };
		A42DFC521EEFE971000BA8B4 /* MASViewAttribute.m in Sources */ = {isa = PBXBuildFile; fileRef = A42DFC3F1EEFE971000BA8B4 /* MASViewAttribute.m */; };
		A42DFC531EEFE971000BA8B4 /* MASViewConstraint.m in Sources */ = {isa = PBXBuildFile; fileRef = A42DFC411EEFE971000BA8B4 /* MASViewConstraint.m */; };
		A42DFC541EEFE971000BA8B4 /* NSArray+MASAdditions.m in Sources */ = {isa = PBXBuildFile; fileRef = A42DFC431EEFE971000BA8B4 /* NSArray+MASAdditions.m */; };
		A42DFC551EEFE971000BA8B4 /* NSLayoutConstraint+MASDebugAdditions.m in Sources */ = {isa = PBXBuildFile; fileRef = A42DFC461EEFE971000BA8B4 /* NSLayoutConstraint+MASDebugAdditions.m */; };
		A42DFC561EEFE971000BA8B4 /* View+MASAdditions.m in Sources */ = {isa = PBXBuildFile; fileRef = A42DFC481EEFE971000BA8B4 /* View+MASAdditions.m */; };
		A42DFC571EEFE971000BA8B4 /* ViewController+MASAdditions.m in Sources */ = {isa = PBXBuildFile; fileRef = A42DFC4B1EEFE971000BA8B4 /* ViewController+MASAdditions.m */; };
		A42DFC581EEFE971000BA8B4 /* README.md in Sources */ = {isa = PBXBuildFile; fileRef = A42DFC4C1EEFE971000BA8B4 /* README.md */; };
		A42DFC5B1EEFE9FA000BA8B4 /* ViewController1.m in Sources */ = {isa = PBXBuildFile; fileRef = A42DFC5A1EEFE9FA000BA8B4 /* ViewController1.m */; };
		A42DFC611EEFEA1A000BA8B4 /* ViewController2.m in Sources */ = {isa = PBXBuildFile; fileRef = A42DFC601EEFEA1A000BA8B4 /* ViewController2.m */; };
		A42DFC641EEFEA29000BA8B4 /* ViewController3.m in Sources */ = {isa = PBXBuildFile; fileRef = A42DFC631EEFEA29000BA8B4 /* ViewController3.m */; };
		A455A62B1EF0E5DA000E344D /* LICENSE in Resources */ = {isa = PBXBuildFile; fileRef = A455A6131EF0E5DA000E344D /* LICENSE */; };
		A455A62C1EF0E5DA000E344D /* MJExtensionConst.m in Sources */ = {isa = PBXBuildFile; fileRef = A455A6171EF0E5DA000E344D /* MJExtensionConst.m */; };
		A455A62D1EF0E5DA000E344D /* MJFoundation.m in Sources */ = {isa = PBXBuildFile; fileRef = A455A6191EF0E5DA000E344D /* MJFoundation.m */; };
		A455A62E1EF0E5DA000E344D /* MJProperty.m in Sources */ = {isa = PBXBuildFile; fileRef = A455A61B1EF0E5DA000E344D /* MJProperty.m */; };
		A455A62F1EF0E5DA000E344D /* MJPropertyKey.m in Sources */ = {isa = PBXBuildFile; fileRef = A455A61D1EF0E5DA000E344D /* MJPropertyKey.m */; };
		A455A6301EF0E5DA000E344D /* MJPropertyType.m in Sources */ = {isa = PBXBuildFile; fileRef = A455A61F1EF0E5DA000E344D /* MJPropertyType.m */; };
		A455A6311EF0E5DA000E344D /* NSObject+MJClass.m in Sources */ = {isa = PBXBuildFile; fileRef = A455A6211EF0E5DA000E344D /* NSObject+MJClass.m */; };
		A455A6321EF0E5DA000E344D /* NSObject+MJCoding.m in Sources */ = {isa = PBXBuildFile; fileRef = A455A6231EF0E5DA000E344D /* NSObject+MJCoding.m */; };
		A455A6331EF0E5DA000E344D /* NSObject+MJKeyValue.m in Sources */ = {isa = PBXBuildFile; fileRef = A455A6251EF0E5DA000E344D /* NSObject+MJKeyValue.m */; };
		A455A6341EF0E5DA000E344D /* NSObject+MJProperty.m in Sources */ = {isa = PBXBuildFile; fileRef = A455A6271EF0E5DA000E344D /* NSObject+MJProperty.m */; };
		A455A6351EF0E5DA000E344D /* NSString+MJExtension.m in Sources */ = {isa = PBXBuildFile; fileRef = A455A6291EF0E5DA000E344D /* NSString+MJExtension.m */; };
		A455A6361EF0E5DA000E344D /* README.md in Sources */ = {isa = PBXBuildFile; fileRef = A455A62A1EF0E5DA000E344D /* README.md */; };
		A455A6391EF110BE000E344D /* LGYLabel.m in Sources */ = {isa = PBXBuildFile; fileRef = A455A6381EF110BE000E344D /* LGYLabel.m */; };
		A486E7B81EF25F6E00F8FA4C /* LGYSegmentView.m in Sources */ = {isa = PBXBuildFile; fileRef = A486E7B71EF25F6E00F8FA4C /* LGYSegmentView.m */; };
		A486E7BB1EF266AF00F8FA4C /* LGYSegmentView1.m in Sources */ = {isa = PBXBuildFile; fileRef = A486E7BA1EF266AF00F8FA4C /* LGYSegmentView1.m */; };
/* End PBXBuildFile section */

/* Begin PBXContainerItemProxy section */
		A42DFC141EEFE633000BA8B4 /* PBXContainerItemProxy */ = {
			isa = PBXContainerItemProxy;
			containerPortal = A42DFBF21EEFE633000BA8B4 /* Project object */;
			proxyType = 1;
			remoteGlobalIDString = A42DFBF91EEFE633000BA8B4;
			remoteInfo = LGYSegmentView;
		};
		A42DFC1F1EEFE633000BA8B4 /* PBXContainerItemProxy */ = {
			isa = PBXContainerItemProxy;
			containerPortal = A42DFBF21EEFE633000BA8B4 /* Project object */;
			proxyType = 1;
			remoteGlobalIDString = A42DFBF91EEFE633000BA8B4;
			remoteInfo = LGYSegmentView;
		};
/* End PBXContainerItemProxy section */

/* Begin PBXFileReference section */
		A42DFBFA1EEFE633000BA8B4 /* LGYSegmentView.app */ = {isa = PBXFileReference; explicitFileType = wrapper.application; includeInIndex = 0; path = LGYSegmentView.app; sourceTree = BUILT_PRODUCTS_DIR; };
		A42DFBFE1EEFE633000BA8B4 /* main.m */ = {isa = PBXFileReference; lastKnownFileType = sourcecode.c.objc; path = main.m; sourceTree = "<group>"; };
		A42DFC001EEFE633000BA8B4 /* AppDelegate.h */ = {isa = PBXFileReference; lastKnownFileType = sourcecode.c.h; path = AppDelegate.h; sourceTree = "<group>"; };
		A42DFC011EEFE633000BA8B4 /* AppDelegate.m */ = {isa = PBXFileReference; lastKnownFileType = sourcecode.c.objc; path = AppDelegate.m; sourceTree = "<group>"; };
		A42DFC031EEFE633000BA8B4 /* ViewController.h */ = {isa = PBXFileReference; lastKnownFileType = sourcecode.c.h; path = ViewController.h; sourceTree = "<group>"; };
		A42DFC041EEFE633000BA8B4 /* ViewController.m */ = {isa = PBXFileReference; lastKnownFileType = sourcecode.c.objc; path = ViewController.m; sourceTree = "<group>"; };
		A42DFC071EEFE633000BA8B4 /* Base */ = {isa = PBXFileReference; lastKnownFileType = file.storyboard; name = Base; path = Base.lproj/Main.storyboard; sourceTree = "<group>"; };
		A42DFC091EEFE633000BA8B4 /* Assets.xcassets */ = {isa = PBXFileReference; lastKnownFileType = folder.assetcatalog; path = Assets.xcassets; sourceTree = "<group>"; };
		A42DFC0C1EEFE633000BA8B4 /* Base */ = {isa = PBXFileReference; lastKnownFileType = file.storyboard; name = Base; path = Base.lproj/LaunchScreen.storyboard; sourceTree = "<group>"; };
		A42DFC0E1EEFE633000BA8B4 /* Info.plist */ = {isa = PBXFileReference; lastKnownFileType = text.plist.xml; path = Info.plist; sourceTree = "<group>"; };
		A42DFC131EEFE633000BA8B4 /* LGYSegmentViewTests.xctest */ = {isa = PBXFileReference; explicitFileType = wrapper.cfbundle; includeInIndex = 0; path = LGYSegmentViewTests.xctest; sourceTree = BUILT_PRODUCTS_DIR; };
		A42DFC171EEFE633000BA8B4 /* LGYSegmentViewTests.m */ = {isa = PBXFileReference; lastKnownFileType = sourcecode.c.objc; path = LGYSegmentViewTests.m; sourceTree = "<group>"; };
		A42DFC191EEFE633000BA8B4 /* Info.plist */ = {isa = PBXFileReference; lastKnownFileType = text.plist.xml; path = Info.plist; sourceTree = "<group>"; };
		A42DFC1E1EEFE633000BA8B4 /* LGYSegmentViewUITests.xctest */ = {isa = PBXFileReference; explicitFileType = wrapper.cfbundle; includeInIndex = 0; path = LGYSegmentViewUITests.xctest; sourceTree = BUILT_PRODUCTS_DIR; };
		A42DFC221EEFE633000BA8B4 /* LGYSegmentViewUITests.m */ = {isa = PBXFileReference; lastKnownFileType = sourcecode.c.objc; path = LGYSegmentViewUITests.m; sourceTree = "<group>"; };
		A42DFC241EEFE633000BA8B4 /* Info.plist */ = {isa = PBXFileReference; lastKnownFileType = text.plist.xml; path = Info.plist; sourceTree = "<group>"; };
		A42DFC311EEFE971000BA8B4 /* LICENSE */ = {isa = PBXFileReference; fileEncoding = 4; lastKnownFileType = text; path = LICENSE; sourceTree = "<group>"; };
		A42DFC331EEFE971000BA8B4 /* MASCompositeConstraint.h */ = {isa = PBXFileReference; fileEncoding = 4; lastKnownFileType = sourcecode.c.h; path = MASCompositeConstraint.h; sourceTree = "<group>"; };
		A42DFC341EEFE971000BA8B4 /* MASCompositeConstraint.m */ = {isa = PBXFileReference; fileEncoding = 4; lastKnownFileType = sourcecode.c.objc; path = MASCompositeConstraint.m; sourceTree = "<group>"; };
		A42DFC351EEFE971000BA8B4 /* MASConstraint+Private.h */ = {isa = PBXFileReference; fileEncoding = 4; lastKnownFileType = sourcecode.c.h; path = "MASConstraint+Private.h"; sourceTree = "<group>"; };
		A42DFC361EEFE971000BA8B4 /* MASConstraint.h */ = {isa = PBXFileReference; fileEncoding = 4; lastKnownFileType = sourcecode.c.h; path = MASConstraint.h; sourceTree = "<group>"; };
		A42DFC371EEFE971000BA8B4 /* MASConstraint.m */ = {isa = PBXFileReference; fileEncoding = 4; lastKnownFileType = sourcecode.c.objc; path = MASConstraint.m; sourceTree = "<group>"; };
		A42DFC381EEFE971000BA8B4 /* MASConstraintMaker.h */ = {isa = PBXFileReference; fileEncoding = 4; lastKnownFileType = sourcecode.c.h; path = MASConstraintMaker.h; sourceTree = "<group>"; };
		A42DFC391EEFE971000BA8B4 /* MASConstraintMaker.m */ = {isa = PBXFileReference; fileEncoding = 4; lastKnownFileType = sourcecode.c.objc; path = MASConstraintMaker.m; sourceTree = "<group>"; };
		A42DFC3A1EEFE971000BA8B4 /* MASLayoutConstraint.h */ = {isa = PBXFileReference; fileEncoding = 4; lastKnownFileType = sourcecode.c.h; path = MASLayoutConstraint.h; sourceTree = "<group>"; };
		A42DFC3B1EEFE971000BA8B4 /* MASLayoutConstraint.m */ = {isa = PBXFileReference; fileEncoding = 4; lastKnownFileType = sourcecode.c.objc; path = MASLayoutConstraint.m; sourceTree = "<group>"; };
		A42DFC3C1EEFE971000BA8B4 /* Masonry.h */ = {isa = PBXFileReference; fileEncoding = 4; lastKnownFileType = sourcecode.c.h; path = Masonry.h; sourceTree = "<group>"; };
		A42DFC3D1EEFE971000BA8B4 /* MASUtilities.h */ = {isa = PBXFileReference; fileEncoding = 4; lastKnownFileType = sourcecode.c.h; path = MASUtilities.h; sourceTree = "<group>"; };
		A42DFC3E1EEFE971000BA8B4 /* MASViewAttribute.h */ = {isa = PBXFileReference; fileEncoding = 4; lastKnownFileType = sourcecode.c.h; path = MASViewAttribute.h; sourceTree = "<group>"; };
		A42DFC3F1EEFE971000BA8B4 /* MASViewAttribute.m */ = {isa = PBXFileReference; fileEncoding = 4; lastKnownFileType = sourcecode.c.objc; path = MASViewAttribute.m; sourceTree = "<group>"; };
		A42DFC401EEFE971000BA8B4 /* MASViewConstraint.h */ = {isa = PBXFileReference; fileEncoding = 4; lastKnownFileType = sourcecode.c.h; path = MASViewConstraint.h; sourceTree = "<group>"; };
		A42DFC411EEFE971000BA8B4 /* MASViewConstraint.m */ = {isa = PBXFileReference; fileEncoding = 4; lastKnownFileType = sourcecode.c.objc; path = MASViewConstraint.m; sourceTree = "<group>"; };
		A42DFC421EEFE971000BA8B4 /* NSArray+MASAdditions.h */ = {isa = PBXFileReference; fileEncoding = 4; lastKnownFileType = sourcecode.c.h; path = "NSArray+MASAdditions.h"; sourceTree = "<group>"; };
		A42DFC431EEFE971000BA8B4 /* NSArray+MASAdditions.m */ = {isa = PBXFileReference; fileEncoding = 4; lastKnownFileType = sourcecode.c.objc; path = "NSArray+MASAdditions.m"; sourceTree = "<group>"; };
		A42DFC441EEFE971000BA8B4 /* NSArray+MASShorthandAdditions.h */ = {isa = PBXFileReference; fileEncoding = 4; lastKnownFileType = sourcecode.c.h; path = "NSArray+MASShorthandAdditions.h"; sourceTree = "<group>"; };
		A42DFC451EEFE971000BA8B4 /* NSLayoutConstraint+MASDebugAdditions.h */ = {isa = PBXFileReference; fileEncoding = 4; lastKnownFileType = sourcecode.c.h; path = "NSLayoutConstraint+MASDebugAdditions.h"; sourceTree = "<group>"; };
		A42DFC461EEFE971000BA8B4 /* NSLayoutConstraint+MASDebugAdditions.m */ = {isa = PBXFileReference; fileEncoding = 4; lastKnownFileType = sourcecode.c.objc; path = "NSLayoutConstraint+MASDebugAdditions.m"; sourceTree = "<group>"; };
		A42DFC471EEFE971000BA8B4 /* View+MASAdditions.h */ = {isa = PBXFileReference; fileEncoding = 4; lastKnownFileType = sourcecode.c.h; path = "View+MASAdditions.h"; sourceTree = "<group>"; };
		A42DFC481EEFE971000BA8B4 /* View+MASAdditions.m */ = {isa = PBXFileReference; fileEncoding = 4; lastKnownFileType = sourcecode.c.objc; path = "View+MASAdditions.m"; sourceTree = "<group>"; };
		A42DFC491EEFE971000BA8B4 /* View+MASShorthandAdditions.h */ = {isa = PBXFileReference; fileEncoding = 4; lastKnownFileType = sourcecode.c.h; path = "View+MASShorthandAdditions.h"; sourceTree = "<group>"; };
		A42DFC4A1EEFE971000BA8B4 /* ViewController+MASAdditions.h */ = {isa = PBXFileReference; fileEncoding = 4; lastKnownFileType = sourcecode.c.h; path = "ViewController+MASAdditions.h"; sourceTree = "<group>"; };
		A42DFC4B1EEFE971000BA8B4 /* ViewController+MASAdditions.m */ = {isa = PBXFileReference; fileEncoding = 4; lastKnownFileType = sourcecode.c.objc; path = "ViewController+MASAdditions.m"; sourceTree = "<group>"; };
		A42DFC4C1EEFE971000BA8B4 /* README.md */ = {isa = PBXFileReference; fileEncoding = 4; lastKnownFileType = net.daringfireball.markdown; path = README.md; sourceTree = "<group>"; };
		A42DFC591EEFE9FA000BA8B4 /* ViewController1.h */ = {isa = PBXFileReference; fileEncoding = 4; lastKnownFileType = sourcecode.c.h; path = ViewController1.h; sourceTree = "<group>"; };
		A42DFC5A1EEFE9FA000BA8B4 /* ViewController1.m */ = {isa = PBXFileReference; fileEncoding = 4; lastKnownFileType = sourcecode.c.objc; path = ViewController1.m; sourceTree = "<group>"; };
		A42DFC5F1EEFEA1A000BA8B4 /* ViewController2.h */ = {isa = PBXFileReference; fileEncoding = 4; lastKnownFileType = sourcecode.c.h; path = ViewController2.h; sourceTree = "<group>"; };
		A42DFC601EEFEA1A000BA8B4 /* ViewController2.m */ = {isa = PBXFileReference; fileEncoding = 4; lastKnownFileType = sourcecode.c.objc; path = ViewController2.m; sourceTree = "<group>"; };
		A42DFC621EEFEA29000BA8B4 /* ViewController3.h */ = {isa = PBXFileReference; fileEncoding = 4; lastKnownFileType = sourcecode.c.h; path = ViewController3.h; sourceTree = "<group>"; };
		A42DFC631EEFEA29000BA8B4 /* ViewController3.m */ = {isa = PBXFileReference; fileEncoding = 4; lastKnownFileType = sourcecode.c.objc; path = ViewController3.m; sourceTree = "<group>"; };
		A455A6131EF0E5DA000E344D /* LICENSE */ = {isa = PBXFileReference; fileEncoding = 4; lastKnownFileType = text; path = LICENSE; sourceTree = "<group>"; };
		A455A6151EF0E5DA000E344D /* MJExtension.h */ = {isa = PBXFileReference; fileEncoding = 4; lastKnownFileType = sourcecode.c.h; path = MJExtension.h; sourceTree = "<group>"; };
		A455A6161EF0E5DA000E344D /* MJExtensionConst.h */ = {isa = PBXFileReference; fileEncoding = 4; lastKnownFileType = sourcecode.c.h; path = MJExtensionConst.h; sourceTree = "<group>"; };
		A455A6171EF0E5DA000E344D /* MJExtensionConst.m */ = {isa = PBXFileReference; fileEncoding = 4; lastKnownFileType = sourcecode.c.objc; path = MJExtensionConst.m; sourceTree = "<group>"; };
		A455A6181EF0E5DA000E344D /* MJFoundation.h */ = {isa = PBXFileReference; fileEncoding = 4; lastKnownFileType = sourcecode.c.h; path = MJFoundation.h; sourceTree = "<group>"; };
		A455A6191EF0E5DA000E344D /* MJFoundation.m */ = {isa = PBXFileReference; fileEncoding = 4; lastKnownFileType = sourcecode.c.objc; path = MJFoundation.m; sourceTree = "<group>"; };
		A455A61A1EF0E5DA000E344D /* MJProperty.h */ = {isa = PBXFileReference; fileEncoding = 4; lastKnownFileType = sourcecode.c.h; path = MJProperty.h; sourceTree = "<group>"; };
		A455A61B1EF0E5DA000E344D /* MJProperty.m */ = {isa = PBXFileReference; fileEncoding = 4; lastKnownFileType = sourcecode.c.objc; path = MJProperty.m; sourceTree = "<group>"; };
		A455A61C1EF0E5DA000E344D /* MJPropertyKey.h */ = {isa = PBXFileReference; fileEncoding = 4; lastKnownFileType = sourcecode.c.h; path = MJPropertyKey.h; sourceTree = "<group>"; };
		A455A61D1EF0E5DA000E344D /* MJPropertyKey.m */ = {isa = PBXFileReference; fileEncoding = 4; lastKnownFileType = sourcecode.c.objc; path = MJPropertyKey.m; sourceTree = "<group>"; };
		A455A61E1EF0E5DA000E344D /* MJPropertyType.h */ = {isa = PBXFileReference; fileEncoding = 4; lastKnownFileType = sourcecode.c.h; path = MJPropertyType.h; sourceTree = "<group>"; };
		A455A61F1EF0E5DA000E344D /* MJPropertyType.m */ = {isa = PBXFileReference; fileEncoding = 4; lastKnownFileType = sourcecode.c.objc; path = MJPropertyType.m; sourceTree = "<group>"; };
		A455A6201EF0E5DA000E344D /* NSObject+MJClass.h */ = {isa = PBXFileReference; fileEncoding = 4; lastKnownFileType = sourcecode.c.h; path = "NSObject+MJClass.h"; sourceTree = "<group>"; };
		A455A6211EF0E5DA000E344D /* NSObject+MJClass.m */ = {isa = PBXFileReference; fileEncoding = 4; lastKnownFileType = sourcecode.c.objc; path = "NSObject+MJClass.m"; sourceTree = "<group>"; };
		A455A6221EF0E5DA000E344D /* NSObject+MJCoding.h */ = {isa = PBXFileReference; fileEncoding = 4; lastKnownFileType = sourcecode.c.h; path = "NSObject+MJCoding.h"; sourceTree = "<group>"; };
		A455A6231EF0E5DA000E344D /* NSObject+MJCoding.m */ = {isa = PBXFileReference; fileEncoding = 4; lastKnownFileType = sourcecode.c.objc; path = "NSObject+MJCoding.m"; sourceTree = "<group>"; };
		A455A6241EF0E5DA000E344D /* NSObject+MJKeyValue.h */ = {isa = PBXFileReference; fileEncoding = 4; lastKnownFileType = sourcecode.c.h; path = "NSObject+MJKeyValue.h"; sourceTree = "<group>"; };
		A455A6251EF0E5DA000E344D /* NSObject+MJKeyValue.m */ = {isa = PBXFileReference; fileEncoding = 4; lastKnownFileType = sourcecode.c.objc; path = "NSObject+MJKeyValue.m"; sourceTree = "<group>"; };
		A455A6261EF0E5DA000E344D /* NSObject+MJProperty.h */ = {isa = PBXFileReference; fileEncoding = 4; lastKnownFileType = sourcecode.c.h; path = "NSObject+MJProperty.h"; sourceTree = "<group>"; };
		A455A6271EF0E5DA000E344D /* NSObject+MJProperty.m */ = {isa = PBXFileReference; fileEncoding = 4; lastKnownFileType = sourcecode.c.objc; path = "NSObject+MJProperty.m"; sourceTree = "<group>"; };
		A455A6281EF0E5DA000E344D /* NSString+MJExtension.h */ = {isa = PBXFileReference; fileEncoding = 4; lastKnownFileType = sourcecode.c.h; path = "NSString+MJExtension.h"; sourceTree = "<group>"; };
		A455A6291EF0E5DA000E344D /* NSString+MJExtension.m */ = {isa = PBXFileReference; fileEncoding = 4; lastKnownFileType = sourcecode.c.objc; path = "NSString+MJExtension.m"; sourceTree = "<group>"; };
		A455A62A1EF0E5DA000E344D /* README.md */ = {isa = PBXFileReference; fileEncoding = 4; lastKnownFileType = net.daringfireball.markdown; path = README.md; sourceTree = "<group>"; };
		A455A6371EF110BE000E344D /* LGYLabel.h */ = {isa = PBXFileReference; fileEncoding = 4; lastKnownFileType = sourcecode.c.h; path = LGYLabel.h; sourceTree = "<group>"; };
		A455A6381EF110BE000E344D /* LGYLabel.m */ = {isa = PBXFileReference; fileEncoding = 4; lastKnownFileType = sourcecode.c.objc; path = LGYLabel.m; sourceTree = "<group>"; };
		A486E7B61EF25F6E00F8FA4C /* LGYSegmentView.h */ = {isa = PBXFileReference; fileEncoding = 4; lastKnownFileType = sourcecode.c.h; path = LGYSegmentView.h; sourceTree = "<group>"; };
		A486E7B71EF25F6E00F8FA4C /* LGYSegmentView.m */ = {isa = PBXFileReference; fileEncoding = 4; lastKnownFileType = sourcecode.c.objc; path = LGYSegmentView.m; sourceTree = "<group>"; };
		A486E7B91EF266AF00F8FA4C /* LGYSegmentView1.h */ = {isa = PBXFileReference; fileEncoding = 4; lastKnownFileType = sourcecode.c.h; name = LGYSegmentView1.h; path = Masonry/LGYSegmentView1.h; sourceTree = "<group>"; };
		A486E7BA1EF266AF00F8FA4C /* LGYSegmentView1.m */ = {isa = PBXFileReference; fileEncoding = 4; lastKnownFileType = sourcecode.c.objc; name = LGYSegmentView1.m; path = Masonry/LGYSegmentView1.m; sourceTree = "<group>"; };
/* End PBXFileReference section */

/* Begin PBXFrameworksBuildPhase section */
		A42DFBF71EEFE633000BA8B4 /* Frameworks */ = {
			isa = PBXFrameworksBuildPhase;
			buildActionMask = 2147483647;
			files = (
			);
			runOnlyForDeploymentPostprocessing = 0;
		};
		A42DFC101EEFE633000BA8B4 /* Frameworks */ = {
			isa = PBXFrameworksBuildPhase;
			buildActionMask = 2147483647;
			files = (
			);
			runOnlyForDeploymentPostprocessing = 0;
		};
		A42DFC1B1EEFE633000BA8B4 /* Frameworks */ = {
			isa = PBXFrameworksBuildPhase;
			buildActionMask = 2147483647;
			files = (
			);
			runOnlyForDeploymentPostprocessing = 0;
		};
/* End PBXFrameworksBuildPhase section */

/* Begin PBXGroup section */
		A42DFBF11EEFE633000BA8B4 = {
			isa = PBXGroup;
			children = (
				A42DFBFC1EEFE633000BA8B4 /* LGYSegmentView */,
				A42DFC161EEFE633000BA8B4 /* LGYSegmentViewTests */,
				A42DFC211EEFE633000BA8B4 /* LGYSegmentViewUITests */,
				A42DFBFB1EEFE633000BA8B4 /* Products */,
			);
			sourceTree = "<group>";
		};
		A42DFBFB1EEFE633000BA8B4 /* Products */ = {
			isa = PBXGroup;
			children = (
				A42DFBFA1EEFE633000BA8B4 /* LGYSegmentView.app */,
				A42DFC131EEFE633000BA8B4 /* LGYSegmentViewTests.xctest */,
				A42DFC1E1EEFE633000BA8B4 /* LGYSegmentViewUITests.xctest */,
			);
			name = Products;
			sourceTree = "<group>";
		};
		A42DFBFC1EEFE633000BA8B4 /* LGYSegmentView */ = {
			isa = PBXGroup;
			children = (
				A455A6121EF0E5DA000E344D /* MJExtension */,
				A42DFC301EEFE971000BA8B4 /* Masonry */,
				A42DFC001EEFE633000BA8B4 /* AppDelegate.h */,
				A42DFC011EEFE633000BA8B4 /* AppDelegate.m */,
				A486E7B91EF266AF00F8FA4C /* LGYSegmentView1.h */,
				A486E7BA1EF266AF00F8FA4C /* LGYSegmentView1.m */,
				A42DFC031EEFE633000BA8B4 /* ViewController.h */,
				A42DFC041EEFE633000BA8B4 /* ViewController.m */,
				A42DFC591EEFE9FA000BA8B4 /* ViewController1.h */,
				A42DFC5A1EEFE9FA000BA8B4 /* ViewController1.m */,
				A42DFC5F1EEFEA1A000BA8B4 /* ViewController2.h */,
				A42DFC601EEFEA1A000BA8B4 /* ViewController2.m */,
				A42DFC621EEFEA29000BA8B4 /* ViewController3.h */,
				A42DFC631EEFEA29000BA8B4 /* ViewController3.m */,
				A455A5EB1EF0D0D2000E344D /* Segment */,
				A42DFC061EEFE633000BA8B4 /* Main.storyboard */,
				A42DFC091EEFE633000BA8B4 /* Assets.xcassets */,
				A42DFC0B1EEFE633000BA8B4 /* LaunchScreen.storyboard */,
				A42DFC0E1EEFE633000BA8B4 /* Info.plist */,
				A42DFBFD1EEFE633000BA8B4 /* Supporting Files */,
			);
			path = LGYSegmentView;
			sourceTree = "<group>";
		};
		A42DFBFD1EEFE633000BA8B4 /* Supporting Files */ = {
			isa = PBXGroup;
			children = (
				A42DFBFE1EEFE633000BA8B4 /* main.m */,
			);
			name = "Supporting Files";
			sourceTree = "<group>";
		};
		A42DFC161EEFE633000BA8B4 /* LGYSegmentViewTests */ = {
			isa = PBXGroup;
			children = (
				A42DFC171EEFE633000BA8B4 /* LGYSegmentViewTests.m */,
				A42DFC191EEFE633000BA8B4 /* Info.plist */,
			);
			path = LGYSegmentViewTests;
			sourceTree = "<group>";
		};
		A42DFC211EEFE633000BA8B4 /* LGYSegmentViewUITests */ = {
			isa = PBXGroup;
			children = (
				A42DFC221EEFE633000BA8B4 /* LGYSegmentViewUITests.m */,
				A42DFC241EEFE633000BA8B4 /* Info.plist */,
			);
			path = LGYSegmentViewUITests;
			sourceTree = "<group>";
		};
		A42DFC301EEFE971000BA8B4 /* Masonry */ = {
			isa = PBXGroup;
			children = (
				A42DFC311EEFE971000BA8B4 /* LICENSE */,
				A42DFC321EEFE971000BA8B4 /* Masonry */,
				A42DFC4C1EEFE971000BA8B4 /* README.md */,
			);
			path = Masonry;
			sourceTree = "<group>";
		};
		A42DFC321EEFE971000BA8B4 /* Masonry */ = {
			isa = PBXGroup;
			children = (
				A42DFC331EEFE971000BA8B4 /* MASCompositeConstraint.h */,
				A42DFC341EEFE971000BA8B4 /* MASCompositeConstraint.m */,
				A42DFC351EEFE971000BA8B4 /* MASConstraint+Private.h */,
				A42DFC361EEFE971000BA8B4 /* MASConstraint.h */,
				A42DFC371EEFE971000BA8B4 /* MASConstraint.m */,
				A42DFC381EEFE971000BA8B4 /* MASConstraintMaker.h */,
				A42DFC391EEFE971000BA8B4 /* MASConstraintMaker.m */,
				A42DFC3A1EEFE971000BA8B4 /* MASLayoutConstraint.h */,
				A42DFC3B1EEFE971000BA8B4 /* MASLayoutConstraint.m */,
				A42DFC3C1EEFE971000BA8B4 /* Masonry.h */,
				A42DFC3D1EEFE971000BA8B4 /* MASUtilities.h */,
				A42DFC3E1EEFE971000BA8B4 /* MASViewAttribute.h */,
				A42DFC3F1EEFE971000BA8B4 /* MASViewAttribute.m */,
				A42DFC401EEFE971000BA8B4 /* MASViewConstraint.h */,
				A42DFC411EEFE971000BA8B4 /* MASViewConstraint.m */,
				A42DFC421EEFE971000BA8B4 /* NSArray+MASAdditions.h */,
				A42DFC431EEFE971000BA8B4 /* NSArray+MASAdditions.m */,
				A42DFC441EEFE971000BA8B4 /* NSArray+MASShorthandAdditions.h */,
				A42DFC451EEFE971000BA8B4 /* NSLayoutConstraint+MASDebugAdditions.h */,
				A42DFC461EEFE971000BA8B4 /* NSLayoutConstraint+MASDebugAdditions.m */,
				A42DFC471EEFE971000BA8B4 /* View+MASAdditions.h */,
				A42DFC481EEFE971000BA8B4 /* View+MASAdditions.m */,
				A42DFC491EEFE971000BA8B4 /* View+MASShorthandAdditions.h */,
				A42DFC4A1EEFE971000BA8B4 /* ViewController+MASAdditions.h */,
				A42DFC4B1EEFE971000BA8B4 /* ViewController+MASAdditions.m */,
			);
			path = Masonry;
			sourceTree = "<group>";
		};
		A455A5EB1EF0D0D2000E344D /* Segment */ = {
			isa = PBXGroup;
			children = (
				A486E7B61EF25F6E00F8FA4C /* LGYSegmentView.h */,
				A486E7B71EF25F6E00F8FA4C /* LGYSegmentView.m */,
				A455A6371EF110BE000E344D /* LGYLabel.h */,
				A455A6381EF110BE000E344D /* LGYLabel.m */,
			);
			path = Segment;
			sourceTree = "<group>";
		};
		A455A6121EF0E5DA000E344D /* MJExtension */ = {
			isa = PBXGroup;
			children = (
				A455A6131EF0E5DA000E344D /* LICENSE */,
				A455A6141EF0E5DA000E344D /* MJExtension */,
				A455A62A1EF0E5DA000E344D /* README.md */,
			);
			path = MJExtension;
			sourceTree = "<group>";
		};
		A455A6141EF0E5DA000E344D /* MJExtension */ = {
			isa = PBXGroup;
			children = (
				A455A6151EF0E5DA000E344D /* MJExtension.h */,
				A455A6161EF0E5DA000E344D /* MJExtensionConst.h */,
				A455A6171EF0E5DA000E344D /* MJExtensionConst.m */,
				A455A6181EF0E5DA000E344D /* MJFoundation.h */,
				A455A6191EF0E5DA000E344D /* MJFoundation.m */,
				A455A61A1EF0E5DA000E344D /* MJProperty.h */,
				A455A61B1EF0E5DA000E344D /* MJProperty.m */,
				A455A61C1EF0E5DA000E344D /* MJPropertyKey.h */,
				A455A61D1EF0E5DA000E344D /* MJPropertyKey.m */,
				A455A61E1EF0E5DA000E344D /* MJPropertyType.h */,
				A455A61F1EF0E5DA000E344D /* MJPropertyType.m */,
				A455A6201EF0E5DA000E344D /* NSObject+MJClass.h */,
				A455A6211EF0E5DA000E344D /* NSObject+MJClass.m */,
				A455A6221EF0E5DA000E344D /* NSObject+MJCoding.h */,
				A455A6231EF0E5DA000E344D /* NSObject+MJCoding.m */,
				A455A6241EF0E5DA000E344D /* NSObject+MJKeyValue.h */,
				A455A6251EF0E5DA000E344D /* NSObject+MJKeyValue.m */,
				A455A6261EF0E5DA000E344D /* NSObject+MJProperty.h */,
				A455A6271EF0E5DA000E344D /* NSObject+MJProperty.m */,
				A455A6281EF0E5DA000E344D /* NSString+MJExtension.h */,
				A455A6291EF0E5DA000E344D /* NSString+MJExtension.m */,
			);
			path = MJExtension;
			sourceTree = "<group>";
		};
/* End PBXGroup section */

/* Begin PBXNativeTarget section */
		A42DFBF91EEFE633000BA8B4 /* LGYSegmentView */ = {
			isa = PBXNativeTarget;
			buildConfigurationList = A42DFC271EEFE633000BA8B4 /* Build configuration list for PBXNativeTarget "LGYSegmentView" */;
			buildPhases = (
				A42DFBF61EEFE633000BA8B4 /* Sources */,
				A42DFBF71EEFE633000BA8B4 /* Frameworks */,
				A42DFBF81EEFE633000BA8B4 /* Resources */,
			);
			buildRules = (
			);
			dependencies = (
			);
			name = LGYSegmentView;
			productName = LGYSegmentView;
			productReference = A42DFBFA1EEFE633000BA8B4 /* LGYSegmentView.app */;
			productType = "com.apple.product-type.application";
		};
		A42DFC121EEFE633000BA8B4 /* LGYSegmentViewTests */ = {
			isa = PBXNativeTarget;
			buildConfigurationList = A42DFC2A1EEFE633000BA8B4 /* Build configuration list for PBXNativeTarget "LGYSegmentViewTests" */;
			buildPhases = (
				A42DFC0F1EEFE633000BA8B4 /* Sources */,
				A42DFC101EEFE633000BA8B4 /* Frameworks */,
				A42DFC111EEFE633000BA8B4 /* Resources */,
			);
			buildRules = (
			);
			dependencies = (
				A42DFC151EEFE633000BA8B4 /* PBXTargetDependency */,
			);
			name = LGYSegmentViewTests;
			productName = LGYSegmentViewTests;
			productReference = A42DFC131EEFE633000BA8B4 /* LGYSegmentViewTests.xctest */;
			productType = "com.apple.product-type.bundle.unit-test";
		};
		A42DFC1D1EEFE633000BA8B4 /* LGYSegmentViewUITests */ = {
			isa = PBXNativeTarget;
			buildConfigurationList = A42DFC2D1EEFE633000BA8B4 /* Build configuration list for PBXNativeTarget "LGYSegmentViewUITests" */;
			buildPhases = (
				A42DFC1A1EEFE633000BA8B4 /* Sources */,
				A42DFC1B1EEFE633000BA8B4 /* Frameworks */,
				A42DFC1C1EEFE633000BA8B4 /* Resources */,
			);
			buildRules = (
			);
			dependencies = (
				A42DFC201EEFE633000BA8B4 /* PBXTargetDependency */,
			);
			name = LGYSegmentViewUITests;
			productName = LGYSegmentViewUITests;
			productReference = A42DFC1E1EEFE633000BA8B4 /* LGYSegmentViewUITests.xctest */;
			productType = "com.apple.product-type.bundle.ui-testing";
		};
/* End PBXNativeTarget section */

/* Begin PBXProject section */
		A42DFBF21EEFE633000BA8B4 /* Project object */ = {
			isa = PBXProject;
			attributes = {
				LastUpgradeCheck = 0830;
				ORGANIZATIONNAME = "李冠余";
				TargetAttributes = {
					A42DFBF91EEFE633000BA8B4 = {
						CreatedOnToolsVersion = 8.3.2;
						DevelopmentTeam = 38V368WVKA;
						ProvisioningStyle = Automatic;
					};
					A42DFC121EEFE633000BA8B4 = {
						CreatedOnToolsVersion = 8.3.2;
						DevelopmentTeam = 38V368WVKA;
						ProvisioningStyle = Automatic;
						TestTargetID = A42DFBF91EEFE633000BA8B4;
					};
					A42DFC1D1EEFE633000BA8B4 = {
						CreatedOnToolsVersion = 8.3.2;
						DevelopmentTeam = 38V368WVKA;
						ProvisioningStyle = Automatic;
						TestTargetID = A42DFBF91EEFE633000BA8B4;
					};
				};
			};
			buildConfigurationList = A42DFBF51EEFE633000BA8B4 /* Build configuration list for PBXProject "LGYSegmentView" */;
			compatibilityVersion = "Xcode 3.2";
			developmentRegion = English;
			hasScannedForEncodings = 0;
			knownRegions = (
				en,
				Base,
			);
			mainGroup = A42DFBF11EEFE633000BA8B4;
			productRefGroup = A42DFBFB1EEFE633000BA8B4 /* Products */;
			projectDirPath = "";
			projectRoot = "";
			targets = (
				A42DFBF91EEFE633000BA8B4 /* LGYSegmentView */,
				A42DFC121EEFE633000BA8B4 /* LGYSegmentViewTests */,
				A42DFC1D1EEFE633000BA8B4 /* LGYSegmentViewUITests */,
			);
		};
/* End PBXProject section */

/* Begin PBXResourcesBuildPhase section */
		A42DFBF81EEFE633000BA8B4 /* Resources */ = {
			isa = PBXResourcesBuildPhase;
			buildActionMask = 2147483647;
			files = (
				A42DFC0D1EEFE633000BA8B4 /* LaunchScreen.storyboard in Resources */,
				A42DFC0A1EEFE633000BA8B4 /* Assets.xcassets in Resources */,
				A42DFC4D1EEFE971000BA8B4 /* LICENSE in Resources */,
				A42DFC081EEFE633000BA8B4 /* Main.storyboard in Resources */,
				A455A62B1EF0E5DA000E344D /* LICENSE in Resources */,
			);
			runOnlyForDeploymentPostprocessing = 0;
		};
		A42DFC111EEFE633000BA8B4 /* Resources */ = {
			isa = PBXResourcesBuildPhase;
			buildActionMask = 2147483647;
			files = (
			);
			runOnlyForDeploymentPostprocessing = 0;
		};
		A42DFC1C1EEFE633000BA8B4 /* Resources */ = {
			isa = PBXResourcesBuildPhase;
			buildActionMask = 2147483647;
			files = (
			);
			runOnlyForDeploymentPostprocessing = 0;
		};
/* End PBXResourcesBuildPhase section */

/* Begin PBXSourcesBuildPhase section */
		A42DFBF61EEFE633000BA8B4 /* Sources */ = {
			isa = PBXSourcesBuildPhase;
			buildActionMask = 2147483647;
			files = (
				A42DFC551EEFE971000BA8B4 /* NSLayoutConstraint+MASDebugAdditions.m in Sources */,
				A455A62F1EF0E5DA000E344D /* MJPropertyKey.m in Sources */,
				A455A6331EF0E5DA000E344D /* NSObject+MJKeyValue.m in Sources */,
				A42DFC531EEFE971000BA8B4 /* MASViewConstraint.m in Sources */,
				A42DFC4E1EEFE971000BA8B4 /* MASCompositeConstraint.m in Sources */,
				A455A62D1EF0E5DA000E344D /* MJFoundation.m in Sources */,
				A42DFC541EEFE971000BA8B4 /* NSArray+MASAdditions.m in Sources */,
				A42DFC051EEFE633000BA8B4 /* ViewController.m in Sources */,
				A42DFC5B1EEFE9FA000BA8B4 /* ViewController1.m in Sources */,
				A42DFC021EEFE633000BA8B4 /* AppDelegate.m in Sources */,
				A42DFC511EEFE971000BA8B4 /* MASLayoutConstraint.m in Sources */,
				A42DFBFF1EEFE633000BA8B4 /* main.m in Sources */,
				A455A6361EF0E5DA000E344D /* README.md in Sources */,
				A455A62C1EF0E5DA000E344D /* MJExtensionConst.m in Sources */,
				A486E7B81EF25F6E00F8FA4C /* LGYSegmentView.m in Sources */,
				A42DFC571EEFE971000BA8B4 /* ViewController+MASAdditions.m in Sources */,
				A455A6321EF0E5DA000E344D /* NSObject+MJCoding.m in Sources */,
				A42DFC641EEFEA29000BA8B4 /* ViewController3.m in Sources */,
				A42DFC561EEFE971000BA8B4 /* View+MASAdditions.m in Sources */,
				A42DFC581EEFE971000BA8B4 /* README.md in Sources */,
				A455A6341EF0E5DA000E344D /* NSObject+MJProperty.m in Sources */,
				A455A6391EF110BE000E344D /* LGYLabel.m in Sources */,
				A455A62E1EF0E5DA000E344D /* MJProperty.m in Sources */,
				A42DFC521EEFE971000BA8B4 /* MASViewAttribute.m in Sources */,
				A42DFC611EEFEA1A000BA8B4 /* ViewController2.m in Sources */,
				A42DFC4F1EEFE971000BA8B4 /* MASConstraint.m in Sources */,
				A455A6351EF0E5DA000E344D /* NSString+MJExtension.m in Sources */,
				A455A6311EF0E5DA000E344D /* NSObject+MJClass.m in Sources */,
				A455A6301EF0E5DA000E344D /* MJPropertyType.m in Sources */,
				A42DFC501EEFE971000BA8B4 /* MASConstraintMaker.m in Sources */,
				A486E7BB1EF266AF00F8FA4C /* LGYSegmentView1.m in Sources */,
			);
			runOnlyForDeploymentPostprocessing = 0;
		};
		A42DFC0F1EEFE633000BA8B4 /* Sources */ = {
			isa = PBXSourcesBuildPhase;
			buildActionMask = 2147483647;
			files = (
				A42DFC181EEFE633000BA8B4 /* LGYSegmentViewTests.m in Sources */,
			);
			runOnlyForDeploymentPostprocessing = 0;
		};
		A42DFC1A1EEFE633000BA8B4 /* Sources */ = {
			isa = PBXSourcesBuildPhase;
			buildActionMask = 2147483647;
			files = (
				A42DFC231EEFE633000BA8B4 /* LGYSegmentViewUITests.m in Sources */,
			);
			runOnlyForDeploymentPostprocessing = 0;
		};
/* End PBXSourcesBuildPhase section */

/* Begin PBXTargetDependency section */
		A42DFC151EEFE633000BA8B4 /* PBXTargetDependency */ = {
			isa = PBXTargetDependency;
			target = A42DFBF91EEFE633000BA8B4 /* LGYSegmentView */;
			targetProxy = A42DFC141EEFE633000BA8B4 /* PBXContainerItemProxy */;
		};
		A42DFC201EEFE633000BA8B4 /* PBXTargetDependency */ = {
			isa = PBXTargetDependency;
			target = A42DFBF91EEFE633000BA8B4 /* LGYSegmentView */;
			targetProxy = A42DFC1F1EEFE633000BA8B4 /* PBXContainerItemProxy */;
		};
/* End PBXTargetDependency section */

/* Begin PBXVariantGroup section */
		A42DFC061EEFE633000BA8B4 /* Main.storyboard */ = {
			isa = PBXVariantGroup;
			children = (
				A42DFC071EEFE633000BA8B4 /* Base */,
			);
			name = Main.storyboard;
			sourceTree = "<group>";
		};
		A42DFC0B1EEFE633000BA8B4 /* LaunchScreen.storyboard */ = {
			isa = PBXVariantGroup;
			children = (
				A42DFC0C1EEFE633000BA8B4 /* Base */,
			);
			name = LaunchScreen.storyboard;
			sourceTree = "<group>";
		};
/* End PBXVariantGroup section */

/* Begin XCBuildConfiguration section */
		A42DFC251EEFE633000BA8B4 /* Debug */ = {
			isa = XCBuildConfiguration;
			buildSettings = {
				ALWAYS_SEARCH_USER_PATHS = NO;
				CLANG_ANALYZER_NONNULL = YES;
				CLANG_ANALYZER_NUMBER_OBJECT_CONVERSION = YES_AGGRESSIVE;
				CLANG_CXX_LANGUAGE_STANDARD = "gnu++0x";
				CLANG_CXX_LIBRARY = "libc++";
				CLANG_ENABLE_MODULES = YES;
				CLANG_ENABLE_OBJC_ARC = YES;
				CLANG_WARN_BOOL_CONVERSION = YES;
				CLANG_WARN_CONSTANT_CONVERSION = YES;
				CLANG_WARN_DIRECT_OBJC_ISA_USAGE = YES_ERROR;
				CLANG_WARN_DOCUMENTATION_COMMENTS = YES;
				CLANG_WARN_EMPTY_BODY = YES;
				CLANG_WARN_ENUM_CONVERSION = YES;
				CLANG_WARN_INFINITE_RECURSION = YES;
				CLANG_WARN_INT_CONVERSION = YES;
				CLANG_WARN_OBJC_ROOT_CLASS = YES_ERROR;
				CLANG_WARN_SUSPICIOUS_MOVE = YES;
				CLANG_WARN_UNREACHABLE_CODE = YES;
				CLANG_WARN__DUPLICATE_METHOD_MATCH = YES;
				"CODE_SIGN_IDENTITY[sdk=iphoneos*]" = "iPhone Developer";
				COPY_PHASE_STRIP = NO;
				DEBUG_INFORMATION_FORMAT = dwarf;
				ENABLE_STRICT_OBJC_MSGSEND = YES;
				ENABLE_TESTABILITY = YES;
				GCC_C_LANGUAGE_STANDARD = gnu99;
				GCC_DYNAMIC_NO_PIC = NO;
				GCC_NO_COMMON_BLOCKS = YES;
				GCC_OPTIMIZATION_LEVEL = 0;
				GCC_PREPROCESSOR_DEFINITIONS = (
					"DEBUG=1",
					"$(inherited)",
				);
				GCC_WARN_64_TO_32_BIT_CONVERSION = YES;
				GCC_WARN_ABOUT_RETURN_TYPE = YES_ERROR;
				GCC_WARN_UNDECLARED_SELECTOR = YES;
				GCC_WARN_UNINITIALIZED_AUTOS = YES_AGGRESSIVE;
				GCC_WARN_UNUSED_FUNCTION = YES;
				GCC_WARN_UNUSED_VARIABLE = YES;
				IPHONEOS_DEPLOYMENT_TARGET = 10.3;
				MTL_ENABLE_DEBUG_INFO = YES;
				ONLY_ACTIVE_ARCH = YES;
				SDKROOT = iphoneos;
				TARGETED_DEVICE_FAMILY = "1,2";
			};
			name = Debug;
		};
		A42DFC261EEFE633000BA8B4 /* Release */ = {
			isa = XCBuildConfiguration;
			buildSettings = {
				ALWAYS_SEARCH_USER_PATHS = NO;
				CLANG_ANALYZER_NONNULL = YES;
				CLANG_ANALYZER_NUMBER_OBJECT_CONVERSION = YES_AGGRESSIVE;
				CLANG_CXX_LANGUAGE_STANDARD = "gnu++0x";
				CLANG_CXX_LIBRARY = "libc++";
				CLANG_ENABLE_MODULES = YES;
				CLANG_ENABLE_OBJC_ARC = YES;
				CLANG_WARN_BOOL_CONVERSION = YES;
				CLANG_WARN_CONSTANT_CONVERSION = YES;
				CLANG_WARN_DIRECT_OBJC_ISA_USAGE = YES_ERROR;
				CLANG_WARN_DOCUMENTATION_COMMENTS = YES;
				CLANG_WARN_EMPTY_BODY = YES;
				CLANG_WARN_ENUM_CONVERSION = YES;
				CLANG_WARN_INFINITE_RECURSION = YES;
				CLANG_WARN_INT_CONVERSION = YES;
				CLANG_WARN_OBJC_ROOT_CLASS = YES_ERROR;
				CLANG_WARN_SUSPICIOUS_MOVE = YES;
				CLANG_WARN_UNREACHABLE_CODE = YES;
				CLANG_WARN__DUPLICATE_METHOD_MATCH = YES;
				"CODE_SIGN_IDENTITY[sdk=iphoneos*]" = "iPhone Developer";
				COPY_PHASE_STRIP = NO;
				DEBUG_INFORMATION_FORMAT = "dwarf-with-dsym";
				ENABLE_NS_ASSERTIONS = NO;
				ENABLE_STRICT_OBJC_MSGSEND = YES;
				GCC_C_LANGUAGE_STANDARD = gnu99;
				GCC_NO_COMMON_BLOCKS = YES;
				GCC_WARN_64_TO_32_BIT_CONVERSION = YES;
				GCC_WARN_ABOUT_RETURN_TYPE = YES_ERROR;
				GCC_WARN_UNDECLARED_SELECTOR = YES;
				GCC_WARN_UNINITIALIZED_AUTOS = YES_AGGRESSIVE;
				GCC_WARN_UNUSED_FUNCTION = YES;
				GCC_WARN_UNUSED_VARIABLE = YES;
				IPHONEOS_DEPLOYMENT_TARGET = 10.3;
				MTL_ENABLE_DEBUG_INFO = NO;
				SDKROOT = iphoneos;
				TARGETED_DEVICE_FAMILY = "1,2";
				VALIDATE_PRODUCT = YES;
			};
			name = Release;
		};
		A42DFC281EEFE633000BA8B4 /* Debug */ = {
			isa = XCBuildConfiguration;
			buildSettings = {
				ASSETCATALOG_COMPILER_APPICON_NAME = AppIcon;
				DEVELOPMENT_TEAM = 38V368WVKA;
				INFOPLIST_FILE = LGYSegmentView/Info.plist;
				IPHONEOS_DEPLOYMENT_TARGET = 10.0;
				LD_RUNPATH_SEARCH_PATHS = "$(inherited) @executable_path/Frameworks";
				PRODUCT_BUNDLE_IDENTIFIER = com.test.LGYSegmentView;
				PRODUCT_NAME = "$(TARGET_NAME)";
			};
			name = Debug;
		};
		A42DFC291EEFE633000BA8B4 /* Release */ = {
			isa = XCBuildConfiguration;
			buildSettings = {
				ASSETCATALOG_COMPILER_APPICON_NAME = AppIcon;
				DEVELOPMENT_TEAM = 38V368WVKA;
				INFOPLIST_FILE = LGYSegmentView/Info.plist;
				IPHONEOS_DEPLOYMENT_TARGET = 10.0;
				LD_RUNPATH_SEARCH_PATHS = "$(inherited) @executable_path/Frameworks";
				PRODUCT_BUNDLE_IDENTIFIER = com.test.LGYSegmentView;
				PRODUCT_NAME = "$(TARGET_NAME)";
			};
			name = Release;
		};
		A42DFC2B1EEFE633000BA8B4 /* Debug */ = {
			isa = XCBuildConfiguration;
			buildSettings = {
				BUNDLE_LOADER = "$(TEST_HOST)";
				DEVELOPMENT_TEAM = 38V368WVKA;
				INFOPLIST_FILE = LGYSegmentViewTests/Info.plist;
				LD_RUNPATH_SEARCH_PATHS = "$(inherited) @executable_path/Frameworks @loader_path/Frameworks";
				PRODUCT_BUNDLE_IDENTIFIER = com.test.LGYSegmentViewTests;
				PRODUCT_NAME = "$(TARGET_NAME)";
				TEST_HOST = "$(BUILT_PRODUCTS_DIR)/LGYSegmentView.app/LGYSegmentView";
			};
			name = Debug;
		};
		A42DFC2C1EEFE633000BA8B4 /* Release */ = {
			isa = XCBuildConfiguration;
			buildSettings = {
				BUNDLE_LOADER = "$(TEST_HOST)";
				DEVELOPMENT_TEAM = 38V368WVKA;
				INFOPLIST_FILE = LGYSegmentViewTests/Info.plist;
				LD_RUNPATH_SEARCH_PATHS = "$(inherited) @executable_path/Frameworks @loader_path/Frameworks";
				PRODUCT_BUNDLE_IDENTIFIER = com.test.LGYSegmentViewTests;
				PRODUCT_NAME = "$(TARGET_NAME)";
				TEST_HOST = "$(BUILT_PRODUCTS_DIR)/LGYSegmentView.app/LGYSegmentView";
			};
			name = Release;
		};
		A42DFC2E1EEFE633000BA8B4 /* Debug */ = {
			isa = XCBuildConfiguration;
			buildSettings = {
				DEVELOPMENT_TEAM = 38V368WVKA;
				INFOPLIST_FILE = LGYSegmentViewUITests/Info.plist;
				LD_RUNPATH_SEARCH_PATHS = "$(inherited) @executable_path/Frameworks @loader_path/Frameworks";
				PRODUCT_BUNDLE_IDENTIFIER = com.test.LGYSegmentViewUITests;
				PRODUCT_NAME = "$(TARGET_NAME)";
				TEST_TARGET_NAME = LGYSegmentView;
			};
			name = Debug;
		};
		A42DFC2F1EEFE633000BA8B4 /* Release */ = {
			isa = XCBuildConfiguration;
			buildSettings = {
				DEVELOPMENT_TEAM = 38V368WVKA;
				INFOPLIST_FILE = LGYSegmentViewUITests/Info.plist;
				LD_RUNPATH_SEARCH_PATHS = "$(inherited) @executable_path/Frameworks @loader_path/Frameworks";
				PRODUCT_BUNDLE_IDENTIFIER = com.test.LGYSegmentViewUITests;
				PRODUCT_NAME = "$(TARGET_NAME)";
				TEST_TARGET_NAME = LGYSegmentView;
			};
			name = Release;
		};
/* End XCBuildConfiguration section */

/* Begin XCConfigurationList section */
		A42DFBF51EEFE633000BA8B4 /* Build configuration list for PBXProject "LGYSegmentView" */ = {
			isa = XCConfigurationList;
			buildConfigurations = (
				A42DFC251EEFE633000BA8B4 /* Debug */,
				A42DFC261EEFE633000BA8B4 /* Release */,
			);
			defaultConfigurationIsVisible = 0;
			defaultConfigurationName = Release;
		};
		A42DFC271EEFE633000BA8B4 /* Build configuration list for PBXNativeTarget "LGYSegmentView" */ = {
			isa = XCConfigurationList;
			buildConfigurations = (
				A42DFC281EEFE633000BA8B4 /* Debug */,
				A42DFC291EEFE633000BA8B4 /* Release */,
			);
			defaultConfigurationIsVisible = 0;
			defaultConfigurationName = Release;
		};
		A42DFC2A1EEFE633000BA8B4 /* Build configuration list for PBXNativeTarget "LGYSegmentViewTests" */ = {
			isa = XCConfigurationList;
			buildConfigurations = (
				A42DFC2B1EEFE633000BA8B4 /* Debug */,
				A42DFC2C1EEFE633000BA8B4 /* Release */,
			);
			defaultConfigurationIsVisible = 0;
			defaultConfigurationName = Release;
		};
		A42DFC2D1EEFE633000BA8B4 /* Build configuration list for PBXNativeTarget "LGYSegmentViewUITests" */ = {
			isa = XCConfigurationList;
			buildConfigurations = (
				A42DFC2E1EEFE633000BA8B4 /* Debug */,
				A42DFC2F1EEFE633000BA8B4 /* Release */,
			);
			defaultConfigurationIsVisible = 0;
			defaultConfigurationName = Release;
		};
/* End XCConfigurationList section */
	};
	rootObject = A42DFBF21EEFE633000BA8B4 /* Project object */;
}
