// !$*UTF8*$!
{
	archiveVersion = 1;
	classes = {
	};
	objectVersion = 51;
	objects = {

/* Begin PBXBuildFile section */
		18A90FF123FBEE75004EBD9E /* AppDelegate.m in Sources */ = {isa = PBXBuildFile; fileRef = 18A90FF023FBEE75004EBD9E /* AppDelegate.m */; };
		18A90FF723FBEE75004EBD9E /* ViewController.m in Sources */ = {isa = PBXBuildFile; fileRef = 18A90FF623FBEE75004EBD9E /* ViewController.m */; };
		18A90FFA23FBEE75004EBD9E /* Main.storyboard in Resources */ = {isa = PBXBuildFile; fileRef = 18A90FF823FBEE75004EBD9E /* Main.storyboard */; };
		18A90FFC23FBEE77004EBD9E /* Assets.xcassets in Resources */ = {isa = PBXBuildFile; fileRef = 18A90FFB23FBEE77004EBD9E /* Assets.xcassets */; };
		18A90FFF23FBEE77004EBD9E /* LaunchScreen.storyboard in Resources */ = {isa = PBXBuildFile; fileRef = 18A90FFD23FBEE77004EBD9E /* LaunchScreen.storyboard */; };
		18A9100223FBEE77004EBD9E /* main.m in Sources */ = {isa = PBXBuildFile; fileRef = 18A9100123FBEE77004EBD9E /* main.m */; };
		18A9100C23FBEE77004EBD9E /* DemoTests.m in Sources */ = {isa = PBXBuildFile; fileRef = 18A9100B23FBEE77004EBD9E /* DemoTests.m */; };
		18A9101723FBEE77004EBD9E /* DemoUITests.m in Sources */ = {isa = PBXBuildFile; fileRef = 18A9101623FBEE77004EBD9E /* DemoUITests.m */; };
		18A9102623FBEF0C004EBD9E /* SubViewController.m in Sources */ = {isa = PBXBuildFile; fileRef = 18A9102523FBEF0C004EBD9E /* SubViewController.m */; };
		55675C59556E43790D29E269 /* Pods_Demo.framework in Frameworks */ = {isa = PBXBuildFile; fileRef = 02EE865CC34EAF8C3BEE76DA /* Pods_Demo.framework */; };
/* End PBXBuildFile section */

/* Begin PBXContainerItemProxy section */
		18A9100823FBEE77004EBD9E /* PBXContainerItemProxy */ = {
			isa = PBXContainerItemProxy;
			containerPortal = 18A90FE423FBEE75004EBD9E /* Project object */;
			proxyType = 1;
			remoteGlobalIDString = 18A90FEB23FBEE75004EBD9E;
			remoteInfo = Demo;
		};
		18A9101323FBEE77004EBD9E /* PBXContainerItemProxy */ = {
			isa = PBXContainerItemProxy;
			containerPortal = 18A90FE423FBEE75004EBD9E /* Project object */;
			proxyType = 1;
			remoteGlobalIDString = 18A90FEB23FBEE75004EBD9E;
			remoteInfo = Demo;
		};
/* End PBXContainerItemProxy section */

/* Begin PBXFileReference section */
		02EE865CC34EAF8C3BEE76DA /* Pods_Demo.framework */ = {isa = PBXFileReference; explicitFileType = wrapper.framework; includeInIndex = 0; path = Pods_Demo.framework; sourceTree = BUILT_PRODUCTS_DIR; };
		18A90FEC23FBEE75004EBD9E /* Demo.app */ = {isa = PBXFileReference; explicitFileType = wrapper.application; includeInIndex = 0; path = Demo.app; sourceTree = BUILT_PRODUCTS_DIR; };
		18A90FEF23FBEE75004EBD9E /* AppDelegate.h */ = {isa = PBXFileReference; lastKnownFileType = sourcecode.c.h; path = AppDelegate.h; sourceTree = "<group>"; };
		18A90FF023FBEE75004EBD9E /* AppDelegate.m */ = {isa = PBXFileReference; lastKnownFileType = sourcecode.c.objc; path = AppDelegate.m; sourceTree = "<group>"; };
		18A90FF523FBEE75004EBD9E /* ViewController.h */ = {isa = PBXFileReference; lastKnownFileType = sourcecode.c.h; path = ViewController.h; sourceTree = "<group>"; };
		18A90FF623FBEE75004EBD9E /* ViewController.m */ = {isa = PBXFileReference; lastKnownFileType = sourcecode.c.objc; path = ViewController.m; sourceTree = "<group>"; };
		18A90FF923FBEE75004EBD9E /* Base */ = {isa = PBXFileReference; lastKnownFileType = file.storyboard; name = Base; path = Base.lproj/Main.storyboard; sourceTree = "<group>"; };
		18A90FFB23FBEE77004EBD9E /* Assets.xcassets */ = {isa = PBXFileReference; lastKnownFileType = folder.assetcatalog; path = Assets.xcassets; sourceTree = "<group>"; };
		18A90FFE23FBEE77004EBD9E /* Base */ = {isa = PBXFileReference; lastKnownFileType = file.storyboard; name = Base; path = Base.lproj/LaunchScreen.storyboard; sourceTree = "<group>"; };
		18A9100023FBEE77004EBD9E /* Info.plist */ = {isa = PBXFileReference; lastKnownFileType = text.plist.xml; path = Info.plist; sourceTree = "<group>"; };
		18A9100123FBEE77004EBD9E /* main.m */ = {isa = PBXFileReference; lastKnownFileType = sourcecode.c.objc; path = main.m; sourceTree = "<group>"; };
		18A9100723FBEE77004EBD9E /* DemoTests.xctest */ = {isa = PBXFileReference; explicitFileType = wrapper.cfbundle; includeInIndex = 0; path = DemoTests.xctest; sourceTree = BUILT_PRODUCTS_DIR; };
		18A9100B23FBEE77004EBD9E /* DemoTests.m */ = {isa = PBXFileReference; lastKnownFileType = sourcecode.c.objc; path = DemoTests.m; sourceTree = "<group>"; };
		18A9100D23FBEE77004EBD9E /* Info.plist */ = {isa = PBXFileReference; lastKnownFileType = text.plist.xml; path = Info.plist; sourceTree = "<group>"; };
		18A9101223FBEE77004EBD9E /* DemoUITests.xctest */ = {isa = PBXFileReference; explicitFileType = wrapper.cfbundle; includeInIndex = 0; path = DemoUITests.xctest; sourceTree = BUILT_PRODUCTS_DIR; };
		18A9101623FBEE77004EBD9E /* DemoUITests.m */ = {isa = PBXFileReference; lastKnownFileType = sourcecode.c.objc; path = DemoUITests.m; sourceTree = "<group>"; };
		18A9101823FBEE77004EBD9E /* Info.plist */ = {isa = PBXFileReference; lastKnownFileType = text.plist.xml; path = Info.plist; sourceTree = "<group>"; };
		18A9102423FBEF0C004EBD9E /* SubViewController.h */ = {isa = PBXFileReference; fileEncoding = 4; lastKnownFileType = sourcecode.c.h; path = SubViewController.h; sourceTree = "<group>"; };
		18A9102523FBEF0C004EBD9E /* SubViewController.m */ = {isa = PBXFileReference; fileEncoding = 4; lastKnownFileType = sourcecode.c.objc; path = SubViewController.m; sourceTree = "<group>"; };
		A722A2D856A11F69FAEB5762 /* Pods-Demo.release.xcconfig */ = {isa = PBXFileReference; includeInIndex = 1; lastKnownFileType = text.xcconfig; name = "Pods-Demo.release.xcconfig"; path = "Target Support Files/Pods-Demo/Pods-Demo.release.xcconfig"; sourceTree = "<group>"; };
		FFF4F8053AC884B4E5DDFC0B /* Pods-Demo.debug.xcconfig */ = {isa = PBXFileReference; includeInIndex = 1; lastKnownFileType = text.xcconfig; name = "Pods-Demo.debug.xcconfig"; path = "Target Support Files/Pods-Demo/Pods-Demo.debug.xcconfig"; sourceTree = "<group>"; };
/* End PBXFileReference section */

/* Begin PBXFrameworksBuildPhase section */
		18A90FE923FBEE75004EBD9E /* Frameworks */ = {
			isa = PBXFrameworksBuildPhase;
			buildActionMask = 2147483647;
			files = (
				55675C59556E43790D29E269 /* Pods_Demo.framework in Frameworks */,
			);
			runOnlyForDeploymentPostprocessing = 0;
		};
		18A9100423FBEE77004EBD9E /* Frameworks */ = {
			isa = PBXFrameworksBuildPhase;
			buildActionMask = 2147483647;
			files = (
			);
			runOnlyForDeploymentPostprocessing = 0;
		};
		18A9100F23FBEE77004EBD9E /* Frameworks */ = {
			isa = PBXFrameworksBuildPhase;
			buildActionMask = 2147483647;
			files = (
			);
			runOnlyForDeploymentPostprocessing = 0;
		};
/* End PBXFrameworksBuildPhase section */

/* Begin PBXGroup section */
		103B730321BF657A9ABFA8A9 /* Pods */ = {
			isa = PBXGroup;
			children = (
				FFF4F8053AC884B4E5DDFC0B /* Pods-Demo.debug.xcconfig */,
				A722A2D856A11F69FAEB5762 /* Pods-Demo.release.xcconfig */,
			);
			path = Pods;
			sourceTree = "<group>";
		};
		18A90FE323FBEE75004EBD9E = {
			isa = PBXGroup;
			children = (
				18A90FEE23FBEE75004EBD9E /* Demo */,
				18A9100A23FBEE77004EBD9E /* DemoTests */,
				18A9101523FBEE77004EBD9E /* DemoUITests */,
				18A90FED23FBEE75004EBD9E /* Products */,
				103B730321BF657A9ABFA8A9 /* Pods */,
				511ECE6E070FB235DEBFBB06 /* Frameworks */,
			);
			sourceTree = "<group>";
		};
		18A90FED23FBEE75004EBD9E /* Products */ = {
			isa = PBXGroup;
			children = (
				18A90FEC23FBEE75004EBD9E /* Demo.app */,
				18A9100723FBEE77004EBD9E /* DemoTests.xctest */,
				18A9101223FBEE77004EBD9E /* DemoUITests.xctest */,
			);
			name = Products;
			sourceTree = "<group>";
		};
		18A90FEE23FBEE75004EBD9E /* Demo */ = {
			isa = PBXGroup;
			children = (
				18A90FEF23FBEE75004EBD9E /* AppDelegate.h */,
				18A90FF023FBEE75004EBD9E /* AppDelegate.m */,
				18A90FF523FBEE75004EBD9E /* ViewController.h */,
				18A90FF623FBEE75004EBD9E /* ViewController.m */,
				18A9102423FBEF0C004EBD9E /* SubViewController.h */,
				18A9102523FBEF0C004EBD9E /* SubViewController.m */,
				18A90FF823FBEE75004EBD9E /* Main.storyboard */,
				18A90FFB23FBEE77004EBD9E /* Assets.xcassets */,
				18A90FFD23FBEE77004EBD9E /* LaunchScreen.storyboard */,
				18A9100023FBEE77004EBD9E /* Info.plist */,
				18A9100123FBEE77004EBD9E /* main.m */,
			);
			path = Demo;
			sourceTree = "<group>";
		};
		18A9100A23FBEE77004EBD9E /* DemoTests */ = {
			isa = PBXGroup;
			children = (
				18A9100B23FBEE77004EBD9E /* DemoTests.m */,
				18A9100D23FBEE77004EBD9E /* Info.plist */,
			);
			path = DemoTests;
			sourceTree = "<group>";
		};
		18A9101523FBEE77004EBD9E /* DemoUITests */ = {
			isa = PBXGroup;
			children = (
				18A9101623FBEE77004EBD9E /* DemoUITests.m */,
				18A9101823FBEE77004EBD9E /* Info.plist */,
			);
			path = DemoUITests;
			sourceTree = "<group>";
		};
		511ECE6E070FB235DEBFBB06 /* Frameworks */ = {
			isa = PBXGroup;
			children = (
				02EE865CC34EAF8C3BEE76DA /* Pods_Demo.framework */,
			);
			name = Frameworks;
			sourceTree = "<group>";
		};
/* End PBXGroup section */

/* Begin PBXNativeTarget section */
		18A90FEB23FBEE75004EBD9E /* Demo */ = {
			isa = PBXNativeTarget;
			buildConfigurationList = 18A9101B23FBEE77004EBD9E /* Build configuration list for PBXNativeTarget "Demo" */;
			buildPhases = (
				18979908F905860B047577FC /* [CP] Check Pods Manifest.lock */,
				18A90FE823FBEE75004EBD9E /* Sources */,
				18A90FE923FBEE75004EBD9E /* Frameworks */,
				18A90FEA23FBEE75004EBD9E /* Resources */,
				D948EE9603838B939F0E1961 /* [CP] Embed Pods Frameworks */,
			);
			buildRules = (
			);
			dependencies = (
			);
			name = Demo;
			productName = Demo;
			productReference = 18A90FEC23FBEE75004EBD9E /* Demo.app */;
			productType = "com.apple.product-type.application";
		};
		18A9100623FBEE77004EBD9E /* DemoTests */ = {
			isa = PBXNativeTarget;
			buildConfigurationList = 18A9101E23FBEE77004EBD9E /* Build configuration list for PBXNativeTarget "DemoTests" */;
			buildPhases = (
				18A9100323FBEE77004EBD9E /* Sources */,
				18A9100423FBEE77004EBD9E /* Frameworks */,
				18A9100523FBEE77004EBD9E /* Resources */,
			);
			buildRules = (
			);
			dependencies = (
				18A9100923FBEE77004EBD9E /* PBXTargetDependency */,
			);
			name = DemoTests;
			productName = DemoTests;
			productReference = 18A9100723FBEE77004EBD9E /* DemoTests.xctest */;
			productType = "com.apple.product-type.bundle.unit-test";
		};
		18A9101123FBEE77004EBD9E /* DemoUITests */ = {
			isa = PBXNativeTarget;
			buildConfigurationList = 18A9102123FBEE77004EBD9E /* Build configuration list for PBXNativeTarget "DemoUITests" */;
			buildPhases = (
				18A9100E23FBEE77004EBD9E /* Sources */,
				18A9100F23FBEE77004EBD9E /* Frameworks */,
				18A9101023FBEE77004EBD9E /* Resources */,
			);
			buildRules = (
			);
			dependencies = (
				18A9101423FBEE77004EBD9E /* PBXTargetDependency */,
			);
			name = DemoUITests;
			productName = DemoUITests;
			productReference = 18A9101223FBEE77004EBD9E /* DemoUITests.xctest */;
			productType = "com.apple.product-type.bundle.ui-testing";
		};
/* End PBXNativeTarget section */

/* Begin PBXProject section */
		18A90FE423FBEE75004EBD9E /* Project object */ = {
			isa = PBXProject;
			attributes = {
				LastUpgradeCheck = 1130;
				ORGANIZATIONNAME = LGY;
				TargetAttributes = {
					18A90FEB23FBEE75004EBD9E = {
						CreatedOnToolsVersion = 11.3.1;
					};
					18A9100623FBEE77004EBD9E = {
						CreatedOnToolsVersion = 11.3.1;
						TestTargetID = 18A90FEB23FBEE75004EBD9E;
					};
					18A9101123FBEE77004EBD9E = {
						CreatedOnToolsVersion = 11.3.1;
						TestTargetID = 18A90FEB23FBEE75004EBD9E;
					};
				};
			};
			buildConfigurationList = 18A90FE723FBEE75004EBD9E /* Build configuration list for PBXProject "Demo" */;
			compatibilityVersion = "Xcode 9.3";
			developmentRegion = en;
			hasScannedForEncodings = 0;
			knownRegions = (
				en,
				Base,
			);
			mainGroup = 18A90FE323FBEE75004EBD9E;
			productRefGroup = 18A90FED23FBEE75004EBD9E /* Products */;
			projectDirPath = "";
			projectRoot = "";
			targets = (
				18A90FEB23FBEE75004EBD9E /* Demo */,
				18A9100623FBEE77004EBD9E /* DemoTests */,
				18A9101123FBEE77004EBD9E /* DemoUITests */,
			);
		};
/* End PBXProject section */

/* Begin PBXResourcesBuildPhase section */
		18A90FEA23FBEE75004EBD9E /* Resources */ = {
			isa = PBXResourcesBuildPhase;
			buildActionMask = 2147483647;
			files = (
				18A90FFF23FBEE77004EBD9E /* LaunchScreen.storyboard in Resources */,
				18A90FFC23FBEE77004EBD9E /* Assets.xcassets in Resources */,
				18A90FFA23FBEE75004EBD9E /* Main.storyboard in Resources */,
			);
			runOnlyForDeploymentPostprocessing = 0;
		};
		18A9100523FBEE77004EBD9E /* Resources */ = {
			isa = PBXResourcesBuildPhase;
			buildActionMask = 2147483647;
			files = (
			);
			runOnlyForDeploymentPostprocessing = 0;
		};
		18A9101023FBEE77004EBD9E /* Resources */ = {
			isa = PBXResourcesBuildPhase;
			buildActionMask = 2147483647;
			files = (
			);
			runOnlyForDeploymentPostprocessing = 0;
		};
/* End PBXResourcesBuildPhase section */

/* Begin PBXShellScriptBuildPhase section */
		18979908F905860B047577FC /* [CP] Check Pods Manifest.lock */ = {
			isa = PBXShellScriptBuildPhase;
			buildActionMask = 2147483647;
			files = (
			);
			inputFileListPaths = (
			);
			inputPaths = (
				"${PODS_PODFILE_DIR_PATH}/Podfile.lock",
				"${PODS_ROOT}/Manifest.lock",
			);
			name = "[CP] Check Pods Manifest.lock";
			outputFileListPaths = (
			);
			outputPaths = (
				"$(DERIVED_FILE_DIR)/Pods-Demo-checkManifestLockResult.txt",
			);
			runOnlyForDeploymentPostprocessing = 0;
			shellPath = /bin/sh;
			shellScript = "diff \"${PODS_PODFILE_DIR_PATH}/Podfile.lock\" \"${PODS_ROOT}/Manifest.lock\" > /dev/null\nif [ $? != 0 ] ; then\n    # print error to STDERR\n    echo \"error: The sandbox is not in sync with the Podfile.lock. Run 'pod install' or update your CocoaPods installation.\" >&2\n    exit 1\nfi\n# This output is used by Xcode 'outputs' to avoid re-running this script phase.\necho \"SUCCESS\" > \"${SCRIPT_OUTPUT_FILE_0}\"\n";
			showEnvVarsInLog = 0;
		};
		D948EE9603838B939F0E1961 /* [CP] Embed Pods Frameworks */ = {
			isa = PBXShellScriptBuildPhase;
			buildActionMask = 2147483647;
			files = (
			);
			inputFileListPaths = (
				"${PODS_ROOT}/Target Support Files/Pods-Demo/Pods-Demo-frameworks-${CONFIGURATION}-input-files.xcfilelist",
			);
			name = "[CP] Embed Pods Frameworks";
			outputFileListPaths = (
				"${PODS_ROOT}/Target Support Files/Pods-Demo/Pods-Demo-frameworks-${CONFIGURATION}-output-files.xcfilelist",
			);
			runOnlyForDeploymentPostprocessing = 0;
			shellPath = /bin/sh;
			shellScript = "\"${PODS_ROOT}/Target Support Files/Pods-Demo/Pods-Demo-frameworks.sh\"\n";
			showEnvVarsInLog = 0;
		};
/* End PBXShellScriptBuildPhase section */

/* Begin PBXSourcesBuildPhase section */
		18A90FE823FBEE75004EBD9E /* Sources */ = {
			isa = PBXSourcesBuildPhase;
			buildActionMask = 2147483647;
			files = (
				18A9102623FBEF0C004EBD9E /* SubViewController.m in Sources */,
				18A90FF723FBEE75004EBD9E /* ViewController.m in Sources */,
				18A90FF123FBEE75004EBD9E /* AppDelegate.m in Sources */,
				18A9100223FBEE77004EBD9E /* main.m in Sources */,
			);
			runOnlyForDeploymentPostprocessing = 0;
		};
		18A9100323FBEE77004EBD9E /* Sources */ = {
			isa = PBXSourcesBuildPhase;
			buildActionMask = 2147483647;
			files = (
				18A9100C23FBEE77004EBD9E /* DemoTests.m in Sources */,
			);
			runOnlyForDeploymentPostprocessing = 0;
		};
		18A9100E23FBEE77004EBD9E /* Sources */ = {
			isa = PBXSourcesBuildPhase;
			buildActionMask = 2147483647;
			files = (
				18A9101723FBEE77004EBD9E /* DemoUITests.m in Sources */,
			);
			runOnlyForDeploymentPostprocessing = 0;
		};
/* End PBXSourcesBuildPhase section */

/* Begin PBXTargetDependency section */
		18A9100923FBEE77004EBD9E /* PBXTargetDependency */ = {
			isa = PBXTargetDependency;
			target = 18A90FEB23FBEE75004EBD9E /* Demo */;
			targetProxy = 18A9100823FBEE77004EBD9E /* PBXContainerItemProxy */;
		};
		18A9101423FBEE77004EBD9E /* PBXTargetDependency */ = {
			isa = PBXTargetDependency;
			target = 18A90FEB23FBEE75004EBD9E /* Demo */;
			targetProxy = 18A9101323FBEE77004EBD9E /* PBXContainerItemProxy */;
		};
/* End PBXTargetDependency section */

/* Begin PBXVariantGroup section */
		18A90FF823FBEE75004EBD9E /* Main.storyboard */ = {
			isa = PBXVariantGroup;
			children = (
				18A90FF923FBEE75004EBD9E /* Base */,
			);
			name = Main.storyboard;
			sourceTree = "<group>";
		};
		18A90FFD23FBEE77004EBD9E /* LaunchScreen.storyboard */ = {
			isa = PBXVariantGroup;
			children = (
				18A90FFE23FBEE77004EBD9E /* Base */,
			);
			name = LaunchScreen.storyboard;
			sourceTree = "<group>";
		};
/* End PBXVariantGroup section */

/* Begin XCBuildConfiguration section */
		18A9101923FBEE77004EBD9E /* Debug */ = {
			isa = XCBuildConfiguration;
			buildSettings = {
				ALWAYS_SEARCH_USER_PATHS = NO;
				CLANG_ANALYZER_NONNULL = YES;
				CLANG_ANALYZER_NUMBER_OBJECT_CONVERSION = YES_AGGRESSIVE;
				CLANG_CXX_LANGUAGE_STANDARD = "gnu++14";
				CLANG_CXX_LIBRARY = "libc++";
				CLANG_ENABLE_MODULES = YES;
				CLANG_ENABLE_OBJC_ARC = YES;
				CLANG_ENABLE_OBJC_WEAK = YES;
				CLANG_WARN_BLOCK_CAPTURE_AUTORELEASING = YES;
				CLANG_WARN_BOOL_CONVERSION = YES;
				CLANG_WARN_COMMA = YES;
				CLANG_WARN_CONSTANT_CONVERSION = YES;
				CLANG_WARN_DEPRECATED_OBJC_IMPLEMENTATIONS = YES;
				CLANG_WARN_DIRECT_OBJC_ISA_USAGE = YES_ERROR;
				CLANG_WARN_DOCUMENTATION_COMMENTS = YES;
				CLANG_WARN_EMPTY_BODY = YES;
				CLANG_WARN_ENUM_CONVERSION = YES;
				CLANG_WARN_INFINITE_RECURSION = YES;
				CLANG_WARN_INT_CONVERSION = YES;
				CLANG_WARN_NON_LITERAL_NULL_CONVERSION = YES;
				CLANG_WARN_OBJC_IMPLICIT_RETAIN_SELF = YES;
				CLANG_WARN_OBJC_LITERAL_CONVERSION = YES;
				CLANG_WARN_OBJC_ROOT_CLASS = YES_ERROR;
				CLANG_WARN_RANGE_LOOP_ANALYSIS = YES;
				CLANG_WARN_STRICT_PROTOTYPES = YES;
				CLANG_WARN_SUSPICIOUS_MOVE = YES;
				CLANG_WARN_UNGUARDED_AVAILABILITY = YES_AGGRESSIVE;
				CLANG_WARN_UNREACHABLE_CODE = YES;
				CLANG_WARN__DUPLICATE_METHOD_MATCH = YES;
				COPY_PHASE_STRIP = NO;
				DEBUG_INFORMATION_FORMAT = dwarf;
				ENABLE_STRICT_OBJC_MSGSEND = YES;
				ENABLE_TESTABILITY = YES;
				GCC_C_LANGUAGE_STANDARD = gnu11;
				GCC_DYNAMIC_NO_PIC = NO;
				GCC_NO_COMMON_BLOCKS = YES;
				GCC_OPTIMIZATION_LEVEL = 0;
				GCC_PREPROCESSOR_DEFINITIONS = (
					"DEBUG=1",
					"$(inherited)",
				);
				GCC_WARN_64_TO_32_BIT_CONVERSION = YES;
				GCC_WARN_ABOUT_RETURN_TYPE = YES_ERROR;
				GCC_WARN_UNDECLARED_SELECTOR = YES;
				GCC_WARN_UNINITIALIZED_AUTOS = YES_AGGRESSIVE;
				GCC_WARN_UNUSED_FUNCTION = YES;
				GCC_WARN_UNUSED_VARIABLE = YES;
				IPHONEOS_DEPLOYMENT_TARGET = 13.2;
				MTL_ENABLE_DEBUG_INFO = INCLUDE_SOURCE;
				MTL_FAST_MATH = YES;
				ONLY_ACTIVE_ARCH = YES;
				SDKROOT = iphoneos;
			};
			name = Debug;
		};
		18A9101A23FBEE77004EBD9E /* Release */ = {
			isa = XCBuildConfiguration;
			buildSettings = {
				ALWAYS_SEARCH_USER_PATHS = NO;
				CLANG_ANALYZER_NONNULL = YES;
				CLANG_ANALYZER_NUMBER_OBJECT_CONVERSION = YES_AGGRESSIVE;
				CLANG_CXX_LANGUAGE_STANDARD = "gnu++14";
				CLANG_CXX_LIBRARY = "libc++";
				CLANG_ENABLE_MODULES = YES;
				CLANG_ENABLE_OBJC_ARC = YES;
				CLANG_ENABLE_OBJC_WEAK = YES;
				CLANG_WARN_BLOCK_CAPTURE_AUTORELEASING = YES;
				CLANG_WARN_BOOL_CONVERSION = YES;
				CLANG_WARN_COMMA = YES;
				CLANG_WARN_CONSTANT_CONVERSION = YES;
				CLANG_WARN_DEPRECATED_OBJC_IMPLEMENTATIONS = YES;
				CLANG_WARN_DIRECT_OBJC_ISA_USAGE = YES_ERROR;
				CLANG_WARN_DOCUMENTATION_COMMENTS = YES;
				CLANG_WARN_EMPTY_BODY = YES;
				CLANG_WARN_ENUM_CONVERSION = YES;
				CLANG_WARN_INFINITE_RECURSION = YES;
				CLANG_WARN_INT_CONVERSION = YES;
				CLANG_WARN_NON_LITERAL_NULL_CONVERSION = YES;
				CLANG_WARN_OBJC_IMPLICIT_RETAIN_SELF = YES;
				CLANG_WARN_OBJC_LITERAL_CONVERSION = YES;
				CLANG_WARN_OBJC_ROOT_CLASS = YES_ERROR;
				CLANG_WARN_RANGE_LOOP_ANALYSIS = YES;
				CLANG_WARN_STRICT_PROTOTYPES = YES;
				CLANG_WARN_SUSPICIOUS_MOVE = YES;
				CLANG_WARN_UNGUARDED_AVAILABILITY = YES_AGGRESSIVE;
				CLANG_WARN_UNREACHABLE_CODE = YES;
				CLANG_WARN__DUPLICATE_METHOD_MATCH = YES;
				COPY_PHASE_STRIP = NO;
				DEBUG_INFORMATION_FORMAT = "dwarf-with-dsym";
				ENABLE_NS_ASSERTIONS = NO;
				ENABLE_STRICT_OBJC_MSGSEND = YES;
				GCC_C_LANGUAGE_STANDARD = gnu11;
				GCC_NO_COMMON_BLOCKS = YES;
				GCC_WARN_64_TO_32_BIT_CONVERSION = YES;
				GCC_WARN_ABOUT_RETURN_TYPE = YES_ERROR;
				GCC_WARN_UNDECLARED_SELECTOR = YES;
				GCC_WARN_UNINITIALIZED_AUTOS = YES_AGGRESSIVE;
				GCC_WARN_UNUSED_FUNCTION = YES;
				GCC_WARN_UNUSED_VARIABLE = YES;
				IPHONEOS_DEPLOYMENT_TARGET = 13.2;
				MTL_ENABLE_DEBUG_INFO = NO;
				MTL_FAST_MATH = YES;
				SDKROOT = iphoneos;
				VALIDATE_PRODUCT = YES;
			};
			name = Release;
		};
		18A9101C23FBEE77004EBD9E /* Debug */ = {
			isa = XCBuildConfiguration;
			baseConfigurationReference = FFF4F8053AC884B4E5DDFC0B /* Pods-Demo.debug.xcconfig */;
			buildSettings = {
				ASSETCATALOG_COMPILER_APPICON_NAME = AppIcon;
				CODE_SIGN_STYLE = Automatic;
				DEVELOPMENT_TEAM = NS4X94B6Y3;
				INFOPLIST_FILE = Demo/Info.plist;
				LD_RUNPATH_SEARCH_PATHS = (
					"$(inherited)",
					"@executable_path/Frameworks",
				);
				MARKETING_VERSION = 1.2.0;
				PRODUCT_BUNDLE_IDENTIFIER = com.kr.LGYSegmentView.LGYSegmentView;
				PRODUCT_NAME = "$(TARGET_NAME)";
				TARGETED_DEVICE_FAMILY = "1,2";
			};
			name = Debug;
		};
		18A9101D23FBEE77004EBD9E /* Release */ = {
			isa = XCBuildConfiguration;
			baseConfigurationReference = A722A2D856A11F69FAEB5762 /* Pods-Demo.release.xcconfig */;
			buildSettings = {
				ASSETCATALOG_COMPILER_APPICON_NAME = AppIcon;
				CODE_SIGN_STYLE = Automatic;
				DEVELOPMENT_TEAM = NS4X94B6Y3;
				INFOPLIST_FILE = Demo/Info.plist;
				LD_RUNPATH_SEARCH_PATHS = (
					"$(inherited)",
					"@executable_path/Frameworks",
				);
				MARKETING_VERSION = 1.2.0;
				PRODUCT_BUNDLE_IDENTIFIER = com.kr.LGYSegmentView.LGYSegmentView;
				PRODUCT_NAME = "$(TARGET_NAME)";
				TARGETED_DEVICE_FAMILY = "1,2";
			};
			name = Release;
		};
		18A9101F23FBEE77004EBD9E /* Debug */ = {
			isa = XCBuildConfiguration;
			buildSettings = {
				BUNDLE_LOADER = "$(TEST_HOST)";
				CODE_SIGN_STYLE = Automatic;
				INFOPLIST_FILE = DemoTests/Info.plist;
				IPHONEOS_DEPLOYMENT_TARGET = 13.2;
				LD_RUNPATH_SEARCH_PATHS = (
					"$(inherited)",
					"@executable_path/Frameworks",
					"@loader_path/Frameworks",
				);
				PRODUCT_BUNDLE_IDENTIFIER = com.krhanedu.lalalalalal.DemoTests;
				PRODUCT_NAME = "$(TARGET_NAME)";
				TARGETED_DEVICE_FAMILY = "1,2";
				TEST_HOST = "$(BUILT_PRODUCTS_DIR)/Demo.app/Demo";
			};
			name = Debug;
		};
		18A9102023FBEE77004EBD9E /* Release */ = {
			isa = XCBuildConfiguration;
			buildSettings = {
				BUNDLE_LOADER = "$(TEST_HOST)";
				CODE_SIGN_STYLE = Automatic;
				INFOPLIST_FILE = DemoTests/Info.plist;
				IPHONEOS_DEPLOYMENT_TARGET = 13.2;
				LD_RUNPATH_SEARCH_PATHS = (
					"$(inherited)",
					"@executable_path/Frameworks",
					"@loader_path/Frameworks",
				);
				PRODUCT_BUNDLE_IDENTIFIER = com.krhanedu.lalalalalal.DemoTests;
				PRODUCT_NAME = "$(TARGET_NAME)";
				TARGETED_DEVICE_FAMILY = "1,2";
				TEST_HOST = "$(BUILT_PRODUCTS_DIR)/Demo.app/Demo";
			};
			name = Release;
		};
		18A9102223FBEE77004EBD9E /* Debug */ = {
			isa = XCBuildConfiguration;
			buildSettings = {
				CODE_SIGN_STYLE = Automatic;
				INFOPLIST_FILE = DemoUITests/Info.plist;
				LD_RUNPATH_SEARCH_PATHS = (
					"$(inherited)",
					"@executable_path/Frameworks",
					"@loader_path/Frameworks",
				);
				PRODUCT_BUNDLE_IDENTIFIER = com.krhanedu.lalalalalal.DemoUITests;
				PRODUCT_NAME = "$(TARGET_NAME)";
				TARGETED_DEVICE_FAMILY = "1,2";
				TEST_TARGET_NAME = Demo;
			};
			name = Debug;
		};
		18A9102323FBEE77004EBD9E /* Release */ = {
			isa = XCBuildConfiguration;
			buildSettings = {
				CODE_SIGN_STYLE = Automatic;
				INFOPLIST_FILE = DemoUITests/Info.plist;
				LD_RUNPATH_SEARCH_PATHS = (
					"$(inherited)",
					"@executable_path/Frameworks",
					"@loader_path/Frameworks",
				);
				PRODUCT_BUNDLE_IDENTIFIER = com.krhanedu.lalalalalal.DemoUITests;
				PRODUCT_NAME = "$(TARGET_NAME)";
				TARGETED_DEVICE_FAMILY = "1,2";
				TEST_TARGET_NAME = Demo;
			};
			name = Release;
		};
/* End XCBuildConfiguration section */

/* Begin XCConfigurationList section */
		18A90FE723FBEE75004EBD9E /* Build configuration list for PBXProject "Demo" */ = {
			isa = XCConfigurationList;
			buildConfigurations = (
				18A9101923FBEE77004EBD9E /* Debug */,
				18A9101A23FBEE77004EBD9E /* Release */,
			);
			defaultConfigurationIsVisible = 0;
			defaultConfigurationName = Release;
		};
		18A9101B23FBEE77004EBD9E /* Build configuration list for PBXNativeTarget "Demo" */ = {
			isa = XCConfigurationList;
			buildConfigurations = (
				18A9101C23FBEE77004EBD9E /* Debug */,
				18A9101D23FBEE77004EBD9E /* Release */,
			);
			defaultConfigurationIsVisible = 0;
			defaultConfigurationName = Release;
		};
		18A9101E23FBEE77004EBD9E /* Build configuration list for PBXNativeTarget "DemoTests" */ = {
			isa = XCConfigurationList;
			buildConfigurations = (
				18A9101F23FBEE77004EBD9E /* Debug */,
				18A9102023FBEE77004EBD9E /* Release */,
			);
			defaultConfigurationIsVisible = 0;
			defaultConfigurationName = Release;
		};
		18A9102123FBEE77004EBD9E /* Build configuration list for PBXNativeTarget "DemoUITests" */ = {
			isa = XCConfigurationList;
			buildConfigurations = (
				18A9102223FBEE77004EBD9E /* Debug */,
				18A9102323FBEE77004EBD9E /* Release */,
			);
			defaultConfigurationIsVisible = 0;
			defaultConfigurationName = Release;
		};
/* End XCConfigurationList section */
	};
	rootObject = 18A90FE423FBEE75004EBD9E /* Project object */;
}
